{
  "object": {
    "pins": [
      {
        "package": "Flexer",
        "repositoryURL": "https://github.com/ChimeHQ/Flexer",
        "state": {
          "branch": "main",
          "revision": "fc7cf380e8ec4d6e936cc3a7b129b88f3bbd50f8",
          "version": null
        }
      }
    ]
  },
  "version": 1
}
