{
  "originHash" : "7515983f3649fc7fee58fb882fc624f99281ef8f3e557b3103c2f6951754ba4e",
  "pins" : [
    {
      "identity" : "flexer",
      "kind" : "remoteSourceControl",
      "location" : "https://github.com/ChimeHQ/Flexer",
      "state" : {
        "branch" : "main",
        "revision" : "2944639818fde6e79373e62d8200bd4af5ffa37e"
      }
    },
    {
      "identity" : "swift-argument-parser",
      "kind" : "remoteSourceControl",
      "location" : "https://github.com/apple/swift-argument-parser",
      "state" : {
        "revision" : "41982a3656a71c768319979febd796c6fd111d5c",
        "version" : "1.5.0"
      }
    }
  ],
  "version" : 3
}
