{
  "object": {
    "pins": [
      {
        "package": "Flexer",
        "repositoryURL": "https://github.com/ChimeHQ/Flexer",
        "state": {
          "branch": "main",
          "revision": "36a2da9e22208b51cfaf6483dc606bfc16d3c51b",
          "version": null
        }
      }
    ]
  },
  "version": 1
}
